{
  "version": 4,
  "terraform_version": "1.0.7",
  "serial": 259,
  "lineage": "9dbd40c2-a178-6e5c-4525-d60af34aecd1",
  "outputs": {
    "account_id": {
      "value": "9f790b32-c7a1-4250-8702-cb522d114517",
      "type": "string"
    }
  },
  "resources": [
    {
      "mode": "data",
      "type": "azurerm_client_config",
      "name": "current",
      "provider": "provider[\"registry.terraform.io/hashicorp/azurerm\"]",
      "instances": [
        {
          "schema_version": 0,
          "attributes": {
            "client_id": "9f790b32-c7a1-4250-8702-cb522d114517",
            "id": "2021-09-24 10:20:27.989504 +0000 UTC",
            "object_id": "21dc7089-afce-4fc1-a4d8-cddc0b6f3c58",
            "subscription_id": "951cbf76-1f33-40cf-9ad8-4c8fb125dc94",
            "tenant_id": "36781bd1-b319-4ba5-a771-4a74aac0a48a",
            "timeouts": null
          },
          "sensitive_attributes": []
        }
      ]
    },
    {
      "module": "module.resource_group",
      "mode": "managed",
      "type": "azurerm_resource_group",
      "name": "resource_group",
      "provider": "provider[\"registry.terraform.io/hashicorp/azurerm\"]",
      "instances": [
        {
          "schema_version": 0,
          "attributes": {
            "id": "/subscriptions/951cbf76-1f33-40cf-9ad8-4c8fb125dc94/resourceGroups/rg-na-uks-dev-ppddp",
            "location": "uksouth",
            "name": "rg-na-uks-dev-ppddp",
            "tags": {
              "Workstream": "Data \u0026 MI",
              "environment": "DEV",
              "type": "resource_group"
            },
            "timeouts": null
          },
          "sensitive_attributes": [],
          "private": "eyJlMmJmYjczMC1lY2FhLTExZTYtOGY4OC0zNDM2M2JjN2M0YzAiOnsiY3JlYXRlIjo1NDAwMDAwMDAwMDAwLCJkZWxldGUiOjU0MDAwMDAwMDAwMDAsInJlYWQiOjMwMDAwMDAwMDAwMCwidXBkYXRlIjo1NDAwMDAwMDAwMDAwfX0="
        }
      ]
    },
    {
      "module": "module.user_identity",
      "mode": "managed",
      "type": "azurerm_user_assigned_identity",
      "name": "example",
      "provider": "provider[\"registry.terraform.io/hashicorp/azurerm\"]",
      "instances": [
        {
          "schema_version": 1,
          "attributes": {
            "client_id": "3496e2bc-0944-4814-8297-894666c9c176",
            "id": "/subscriptions/951cbf76-1f33-40cf-9ad8-4c8fb125dc94/resourceGroups/rg-na-uks-dev-ppddp/providers/Microsoft.ManagedIdentity/userAssignedIdentities/search-api",
            "location": "uksouth",
            "name": "search-api",
            "principal_id": "47dec762-518c-4011-b051-93ebc0fca3b4",
            "resource_group_name": "rg-na-uks-dev-ppddp",
            "tags": null,
            "tenant_id": "36781bd1-b319-4ba5-a771-4a74aac0a48a",
            "timeouts": null
          },
          "sensitive_attributes": [],
          "private": "eyJlMmJmYjczMC1lY2FhLTExZTYtOGY4OC0zNDM2M2JjN2M0YzAiOnsiY3JlYXRlIjoxODAwMDAwMDAwMDAwLCJkZWxldGUiOjE4MDAwMDAwMDAwMDAsInJlYWQiOjMwMDAwMDAwMDAwMCwidXBkYXRlIjoxODAwMDAwMDAwMDAwfSwic2NoZW1hX3ZlcnNpb24iOiIxIn0=",
          "dependencies": [
            "module.resource_group.azurerm_resource_group.resource_group"
          ]
        }
      ]
    }
  ]
}
